
Microsoft Visual Studio Solution File, Format Version 12.00
# Visual Studio Version 17
VisualStudioVersion = 17.4.33103.184
MinimumVisualStudioVersion = 10.0.40219.1
Project("{9A19103F-16F7-4668-BE54-9A1E7A4F7556}") = "SGPE.WebApi", "SGPE\SGPE.WebApi.csproj", "{78E47AD3-4AE0-4322-B034-FF13C801489A}"
EndProject
Project("{9A19103F-16F7-4668-BE54-9A1E7A4F7556}") = "SGPE.DTOS", "SGPE.DTOS\SGPE.DTOS.csproj", "{9E97668E-5FA6-4627-A728-5026B336364C}"
EndProject
Project("{FAE04EC0-301F-11D3-BF4B-00C04F79EFBC}") = "SGPE.Comun", "SGPE.Comun\SGPE.Comun.csproj", "{AD67563C-B53C-4340-8F29-89A4C933D803}"
EndProject
Global
	GlobalSection(SolutionConfigurationPlatforms) = preSolution
		Debug|Any CPU = Debug|Any CPU
		Release|Any CPU = Release|Any CPU
	EndGlobalSection
	GlobalSection(ProjectConfigurationPlatforms) = postSolution
		{78E47AD3-4AE0-4322-B034-FF13C801489A}.Debug|Any CPU.ActiveCfg = Debug|Any CPU
		{78E47AD3-4AE0-4322-B034-FF13C801489A}.Debug|Any CPU.Build.0 = Debug|Any CPU
		{78E47AD3-4AE0-4322-B034-FF13C801489A}.Release|Any CPU.ActiveCfg = Release|Any CPU
		{78E47AD3-4AE0-4322-B034-FF13C801489A}.Release|Any CPU.Build.0 = Release|Any CPU
		{9E97668E-5FA6-4627-A728-5026B336364C}.Debug|Any CPU.ActiveCfg = Debug|Any CPU
		{9E97668E-5FA6-4627-A728-5026B336364C}.Debug|Any CPU.Build.0 = Debug|Any CPU
		{9E97668E-5FA6-4627-A728-5026B336364C}.Release|Any CPU.ActiveCfg = Release|Any CPU
		{9E97668E-5FA6-4627-A728-5026B336364C}.Release|Any CPU.Build.0 = Release|Any CPU
		{AD67563C-B53C-4340-8F29-89A4C933D803}.Debug|Any CPU.ActiveCfg = Debug|Any CPU
		{AD67563C-B53C-4340-8F29-89A4C933D803}.Debug|Any CPU.Build.0 = Debug|Any CPU
		{AD67563C-B53C-4340-8F29-89A4C933D803}.Release|Any CPU.ActiveCfg = Release|Any CPU
		{AD67563C-B53C-4340-8F29-89A4C933D803}.Release|Any CPU.Build.0 = Release|Any CPU
	EndGlobalSection
	GlobalSection(SolutionProperties) = preSolution
		HideSolutionNode = FALSE
	EndGlobalSection
	GlobalSection(ExtensibilityGlobals) = postSolution
		SolutionGuid = {F29A4D27-9759-4169-B539-558607460A9C}
	EndGlobalSection
EndGlobal
